
Microsoft Visual Studio Solution File, Format Version 12.00
# Visual Studio Version 16
VisualStudioVersion = 16.0.31911.196
MinimumVisualStudioVersion = 10.0.40219.1
Project("{2150E333-8FDC-42A3-9474-1A3956D46DE8}") = "1 API", "1 API", "{46AC35CD-CA84-43F1-A90C-009FD8CC27D1}"
EndProject
Project("{2150E333-8FDC-42A3-9474-1A3956D46DE8}") = "2 Domain", "2 Domain", "{2F72B964-B4DF-4FEE-ABC6-F028AF499360}"
EndProject
Project("{2150E333-8FDC-42A3-9474-1A3956D46DE8}") = "3 Infra", "3 Infra", "{49A1AA03-D360-484E-8F0A-7DC5E5B55C18}"
EndProject
Project("{2150E333-8FDC-42A3-9474-1A3956D46DE8}") = "4 Shared", "4 Shared", "{2D88CA6E-FD69-469D-89EC-A51235E282AB}"
EndProject
Project("{2150E333-8FDC-42A3-9474-1A3956D46DE8}") = "3.1 Data", "3.1 Data", "{F2EB1A64-D00D-4FF0-B50F-F0A2DAA548ED}"
EndProject
Project("{2150E333-8FDC-42A3-9474-1A3956D46DE8}") = "3.2 IoC", "3.2 IoC", "{0E11988D-EDFC-43D0-88A1-D35F3DEB183A}"
EndProject
Project("{FAE04EC0-301F-11D3-BF4B-00C04F79EFBC}") = "Crud.Shared", "Crud.Shared\Crud.Shared.csproj", "{072C87B0-B4EA-4F68-9006-C68D4EA1C896}"
EndProject
Project("{FAE04EC0-301F-11D3-BF4B-00C04F79EFBC}") = "Crud.Infra.IoC", "Crud.Infra.IoC\Crud.Infra.IoC.csproj", "{7A55E43A-8211-4610-8FC1-5DF64FFAC6CC}"
EndProject
Project("{FAE04EC0-301F-11D3-BF4B-00C04F79EFBC}") = "Crud.Infra.Data", "Crud.Infra.Data\Crud.Infra.Data.csproj", "{F7E6D76C-1DD3-4329-8DA9-3E531C132C8C}"
EndProject
Project("{FAE04EC0-301F-11D3-BF4B-00C04F79EFBC}") = "Crud.Domain", "Crud.Domain\Crud.Domain.csproj", "{0E2EEC55-ED89-4BEA-B051-23A4285F24FF}"
EndProject
Project("{FAE04EC0-301F-11D3-BF4B-00C04F79EFBC}") = "Crud.API", "Crud.API\Crud.API.csproj", "{A091EF78-7267-4691-A14E-254514B8758C}"
EndProject
Global
	GlobalSection(SolutionConfigurationPlatforms) = preSolution
		Debug|Any CPU = Debug|Any CPU
		Release|Any CPU = Release|Any CPU
	EndGlobalSection
	GlobalSection(ProjectConfigurationPlatforms) = postSolution
		{072C87B0-B4EA-4F68-9006-C68D4EA1C896}.Debug|Any CPU.ActiveCfg = Debug|Any CPU
		{072C87B0-B4EA-4F68-9006-C68D4EA1C896}.Debug|Any CPU.Build.0 = Debug|Any CPU
		{072C87B0-B4EA-4F68-9006-C68D4EA1C896}.Release|Any CPU.ActiveCfg = Release|Any CPU
		{072C87B0-B4EA-4F68-9006-C68D4EA1C896}.Release|Any CPU.Build.0 = Release|Any CPU
		{7A55E43A-8211-4610-8FC1-5DF64FFAC6CC}.Debug|Any CPU.ActiveCfg = Debug|Any CPU
		{7A55E43A-8211-4610-8FC1-5DF64FFAC6CC}.Debug|Any CPU.Build.0 = Debug|Any CPU
		{7A55E43A-8211-4610-8FC1-5DF64FFAC6CC}.Release|Any CPU.ActiveCfg = Release|Any CPU
		{7A55E43A-8211-4610-8FC1-5DF64FFAC6CC}.Release|Any CPU.Build.0 = Release|Any CPU
		{F7E6D76C-1DD3-4329-8DA9-3E531C132C8C}.Debug|Any CPU.ActiveCfg = Debug|Any CPU
		{F7E6D76C-1DD3-4329-8DA9-3E531C132C8C}.Debug|Any CPU.Build.0 = Debug|Any CPU
		{F7E6D76C-1DD3-4329-8DA9-3E531C132C8C}.Release|Any CPU.ActiveCfg = Release|Any CPU
		{F7E6D76C-1DD3-4329-8DA9-3E531C132C8C}.Release|Any CPU.Build.0 = Release|Any CPU
		{0E2EEC55-ED89-4BEA-B051-23A4285F24FF}.Debug|Any CPU.ActiveCfg = Debug|Any CPU
		{0E2EEC55-ED89-4BEA-B051-23A4285F24FF}.Debug|Any CPU.Build.0 = Debug|Any CPU
		{0E2EEC55-ED89-4BEA-B051-23A4285F24FF}.Release|Any CPU.ActiveCfg = Release|Any CPU
		{0E2EEC55-ED89-4BEA-B051-23A4285F24FF}.Release|Any CPU.Build.0 = Release|Any CPU
		{A091EF78-7267-4691-A14E-254514B8758C}.Debug|Any CPU.ActiveCfg = Debug|Any CPU
		{A091EF78-7267-4691-A14E-254514B8758C}.Debug|Any CPU.Build.0 = Debug|Any CPU
		{A091EF78-7267-4691-A14E-254514B8758C}.Release|Any CPU.ActiveCfg = Release|Any CPU
		{A091EF78-7267-4691-A14E-254514B8758C}.Release|Any CPU.Build.0 = Release|Any CPU
	EndGlobalSection
	GlobalSection(SolutionProperties) = preSolution
		HideSolutionNode = FALSE
	EndGlobalSection
	GlobalSection(NestedProjects) = preSolution
		{F2EB1A64-D00D-4FF0-B50F-F0A2DAA548ED} = {49A1AA03-D360-484E-8F0A-7DC5E5B55C18}
		{0E11988D-EDFC-43D0-88A1-D35F3DEB183A} = {49A1AA03-D360-484E-8F0A-7DC5E5B55C18}
		{072C87B0-B4EA-4F68-9006-C68D4EA1C896} = {2D88CA6E-FD69-469D-89EC-A51235E282AB}
		{7A55E43A-8211-4610-8FC1-5DF64FFAC6CC} = {0E11988D-EDFC-43D0-88A1-D35F3DEB183A}
		{F7E6D76C-1DD3-4329-8DA9-3E531C132C8C} = {F2EB1A64-D00D-4FF0-B50F-F0A2DAA548ED}
		{0E2EEC55-ED89-4BEA-B051-23A4285F24FF} = {2F72B964-B4DF-4FEE-ABC6-F028AF499360}
		{A091EF78-7267-4691-A14E-254514B8758C} = {46AC35CD-CA84-43F1-A90C-009FD8CC27D1}
	EndGlobalSection
	GlobalSection(ExtensibilityGlobals) = postSolution
		SolutionGuid = {2BFBE970-9792-480E-A311-DE5AA747EF40}
	EndGlobalSection
EndGlobal
